// !$*UTF8*$!
{
	archiveVersion = 1;
	classes = {
	};
	objectVersion = 50;
	objects = {

/* Begin PBXBuildFile section */
		8C761D9321E9EF45001EB591 /* AppDelegate.swift in Sources */ = {isa = PBXBuildFile; fileRef = 8C761D9221E9EF45001EB591 /* AppDelegate.swift */; };
		8C761D9521E9EF45001EB591 /* TodoListViewController.swift in Sources */ = {isa = PBXBuildFile; fileRef = 8C761D9421E9EF45001EB591 /* TodoListViewController.swift */; };
		8C761D9821E9EF45001EB591 /* Main.storyboard in Resources */ = {isa = PBXBuildFile; fileRef = 8C761D9621E9EF45001EB591 /* Main.storyboard */; };
		8C761D9A21E9EF46001EB591 /* Assets.xcassets in Resources */ = {isa = PBXBuildFile; fileRef = 8C761D9921E9EF46001EB591 /* Assets.xcassets */; };
		8C761D9D21E9EF46001EB591 /* LaunchScreen.storyboard in Resources */ = {isa = PBXBuildFile; fileRef = 8C761D9B21E9EF46001EB591 /* LaunchScreen.storyboard */; };
		8C761DAC21EBBDF2001EB591 /* DataModel.xcdatamodeld in Sources */ = {isa = PBXBuildFile; fileRef = 8C761DAA21EBBDF2001EB591 /* DataModel.xcdatamodeld */; };
		8C761DCF21F111B7001EB591 /* CategoryViewController.swift in Sources */ = {isa = PBXBuildFile; fileRef = 8C761DCE21F111B7001EB591 /* CategoryViewController.swift */; };
/* End PBXBuildFile section */

/* Begin PBXFileReference section */
		8C761D8F21E9EF45001EB591 /* Todoey.app */ = {isa = PBXFileReference; explicitFileType = wrapper.application; includeInIndex = 0; path = Todoey.app; sourceTree = BUILT_PRODUCTS_DIR; };
		8C761D9221E9EF45001EB591 /* AppDelegate.swift */ = {isa = PBXFileReference; lastKnownFileType = sourcecode.swift; path = AppDelegate.swift; sourceTree = "<group>"; };
		8C761D9421E9EF45001EB591 /* TodoListViewController.swift */ = {isa = PBXFileReference; lastKnownFileType = sourcecode.swift; path = TodoListViewController.swift; sourceTree = "<group>"; };
		8C761D9721E9EF45001EB591 /* Base */ = {isa = PBXFileReference; lastKnownFileType = file.storyboard; name = Base; path = Base.lproj/Main.storyboard; sourceTree = "<group>"; };
		8C761D9921E9EF46001EB591 /* Assets.xcassets */ = {isa = PBXFileReference; lastKnownFileType = folder.assetcatalog; path = Assets.xcassets; sourceTree = "<group>"; };
		8C761D9C21E9EF46001EB591 /* Base */ = {isa = PBXFileReference; lastKnownFileType = file.storyboard; name = Base; path = Base.lproj/LaunchScreen.storyboard; sourceTree = "<group>"; };
		8C761D9E21E9EF46001EB591 /* Info.plist */ = {isa = PBXFileReference; lastKnownFileType = text.plist.xml; path = Info.plist; sourceTree = "<group>"; };
		8C761DAB21EBBDF2001EB591 /* DataModel.xcdatamodel */ = {isa = PBXFileReference; lastKnownFileType = wrapper.xcdatamodel; path = DataModel.xcdatamodel; sourceTree = "<group>"; };
		8C761DCE21F111B7001EB591 /* CategoryViewController.swift */ = {isa = PBXFileReference; lastKnownFileType = sourcecode.swift; path = CategoryViewController.swift; sourceTree = "<group>"; };
/* End PBXFileReference section */

/* Begin PBXFrameworksBuildPhase section */
		8C761D8C21E9EF45001EB591 /* Frameworks */ = {
			isa = PBXFrameworksBuildPhase;
			buildActionMask = 2147483647;
			files = (
			);
			runOnlyForDeploymentPostprocessing = 0;
		};
/* End PBXFrameworksBuildPhase section */

/* Begin PBXGroup section */
		8C761D8621E9EF45001EB591 = {
			isa = PBXGroup;
			children = (
				8C761D9121E9EF45001EB591 /* Todoey */,
				8C761D9021E9EF45001EB591 /* Products */,
			);
			sourceTree = "<group>";
		};
		8C761D9021E9EF45001EB591 /* Products */ = {
			isa = PBXGroup;
			children = (
				8C761D8F21E9EF45001EB591 /* Todoey.app */,
			);
			name = Products;
			sourceTree = "<group>";
		};
		8C761D9121E9EF45001EB591 /* Todoey */ = {
			isa = PBXGroup;
			children = (
				8C761D9221E9EF45001EB591 /* AppDelegate.swift */,
				8C761DA721EA69B9001EB591 /* Controllers */,
				8C761DA621EA6982001EB591 /* Data Model */,
				8C761DA821EA69D4001EB591 /* Views */,
				8C761DA921EA69EC001EB591 /* Supporting Files */,
				8C761D9E21E9EF46001EB591 /* Info.plist */,
			);
			path = Todoey;
			sourceTree = "<group>";
		};
		8C761DA621EA6982001EB591 /* Data Model */ = {
			isa = PBXGroup;
			children = (
				8C761DAA21EBBDF2001EB591 /* DataModel.xcdatamodeld */,
			);
			path = "Data Model";
			sourceTree = "<group>";
		};
		8C761DA721EA69B9001EB591 /* Controllers */ = {
			isa = PBXGroup;
			children = (
				8C761DCE21F111B7001EB591 /* CategoryViewController.swift */,
				8C761D9421E9EF45001EB591 /* TodoListViewController.swift */,
			);
			path = Controllers;
			sourceTree = "<group>";
		};
		8C761DA821EA69D4001EB591 /* Views */ = {
			isa = PBXGroup;
			children = (
				8C761D9621E9EF45001EB591 /* Main.storyboard */,
			);
			path = Views;
			sourceTree = "<group>";
		};
		8C761DA921EA69EC001EB591 /* Supporting Files */ = {
			isa = PBXGroup;
			children = (
				8C761D9921E9EF46001EB591 /* Assets.xcassets */,
				8C761D9B21E9EF46001EB591 /* LaunchScreen.storyboard */,
			);
			path = "Supporting Files";
			sourceTree = "<group>";
		};
/* End PBXGroup section */

/* Begin PBXNativeTarget section */
		8C761D8E21E9EF45001EB591 /* Todoey */ = {
			isa = PBXNativeTarget;
			buildConfigurationList = 8C761DA121E9EF46001EB591 /* Build configuration list for PBXNativeTarget "Todoey" */;
			buildPhases = (
				8C761D8B21E9EF45001EB591 /* Sources */,
				8C761D8C21E9EF45001EB591 /* Frameworks */,
				8C761D8D21E9EF45001EB591 /* Resources */,
			);
			buildRules = (
			);
			dependencies = (
			);
			name = Todoey;
			productName = Todoey;
			productReference = 8C761D8F21E9EF45001EB591 /* Todoey.app */;
			productType = "com.apple.product-type.application";
		};
/* End PBXNativeTarget section */

/* Begin PBXProject section */
		8C761D8721E9EF45001EB591 /* Project object */ = {
			isa = PBXProject;
			attributes = {
				LastSwiftUpdateCheck = 1010;
				LastUpgradeCheck = 1010;
				ORGANIZATIONNAME = "armagan ozdemir";
				TargetAttributes = {
					8C761D8E21E9EF45001EB591 = {
						CreatedOnToolsVersion = 10.1;
					};
				};
			};
			buildConfigurationList = 8C761D8A21E9EF45001EB591 /* Build configuration list for PBXProject "Todoey" */;
			compatibilityVersion = "Xcode 9.3";
			developmentRegion = en;
			hasScannedForEncodings = 0;
			knownRegions = (
				en,
				Base,
			);
			mainGroup = 8C761D8621E9EF45001EB591;
			productRefGroup = 8C761D9021E9EF45001EB591 /* Products */;
			projectDirPath = "";
			projectRoot = "";
			targets = (
				8C761D8E21E9EF45001EB591 /* Todoey */,
			);
		};
/* End PBXProject section */

/* Begin PBXResourcesBuildPhase section */
		8C761D8D21E9EF45001EB591 /* Resources */ = {
			isa = PBXResourcesBuildPhase;
			buildActionMask = 2147483647;
			files = (
				8C761D9D21E9EF46001EB591 /* LaunchScreen.storyboard in Resources */,
				8C761D9A21E9EF46001EB591 /* Assets.xcassets in Resources */,
				8C761D9821E9EF45001EB591 /* Main.storyboard in Resources */,
			);
			runOnlyForDeploymentPostprocessing = 0;
		};
/* End PBXResourcesBuildPhase section */

/* Begin PBXSourcesBuildPhase section */
		8C761D8B21E9EF45001EB591 /* Sources */ = {
			isa = PBXSourcesBuildPhase;
			buildActionMask = 2147483647;
			files = (
				8C761DCF21F111B7001EB591 /* CategoryViewController.swift in Sources */,
				8C761D9521E9EF45001EB591 /* TodoListViewController.swift in Sources */,
				8C761DAC21EBBDF2001EB591 /* DataModel.xcdatamodeld in Sources */,
				8C761D9321E9EF45001EB591 /* AppDelegate.swift in Sources */,
			);
			runOnlyForDeploymentPostprocessing = 0;
		};
/* End PBXSourcesBuildPhase section */

/* Begin PBXVariantGroup section */
		8C761D9621E9EF45001EB591 /* Main.storyboard */ = {
			isa = PBXVariantGroup;
			children = (
				8C761D9721E9EF45001EB591 /* Base */,
			);
			name = Main.storyboard;
			sourceTree = "<group>";
		};
		8C761D9B21E9EF46001EB591 /* LaunchScreen.storyboard */ = {
			isa = PBXVariantGroup;
			children = (
				8C761D9C21E9EF46001EB591 /* Base */,
			);
			name = LaunchScreen.storyboard;
			sourceTree = "<group>";
		};
/* End PBXVariantGroup section */

/* Begin XCBuildConfiguration section */
		8C761D9F21E9EF46001EB591 /* Debug */ = {
			isa = XCBuildConfiguration;
			buildSettings = {
				ALWAYS_SEARCH_USER_PATHS = NO;
				CLANG_ANALYZER_NONNULL = YES;
				CLANG_ANALYZER_NUMBER_OBJECT_CONVERSION = YES_AGGRESSIVE;
				CLANG_CXX_LANGUAGE_STANDARD = "gnu++14";
				CLANG_CXX_LIBRARY = "libc++";
				CLANG_ENABLE_MODULES = YES;
				CLANG_ENABLE_OBJC_ARC = YES;
				CLANG_ENABLE_OBJC_WEAK = YES;
				CLANG_WARN_BLOCK_CAPTURE_AUTORELEASING = YES;
				CLANG_WARN_BOOL_CONVERSION = YES;
				CLANG_WARN_COMMA = YES;
				CLANG_WARN_CONSTANT_CONVERSION = YES;
				CLANG_WARN_DEPRECATED_OBJC_IMPLEMENTATIONS = YES;
				CLANG_WARN_DIRECT_OBJC_ISA_USAGE = YES_ERROR;
				CLANG_WARN_DOCUMENTATION_COMMENTS = YES;
				CLANG_WARN_EMPTY_BODY = YES;
				CLANG_WARN_ENUM_CONVERSION = YES;
				CLANG_WARN_INFINITE_RECURSION = YES;
				CLANG_WARN_INT_CONVERSION = YES;
				CLANG_WARN_NON_LITERAL_NULL_CONVERSION = YES;
				CLANG_WARN_OBJC_IMPLICIT_RETAIN_SELF = YES;
				CLANG_WARN_OBJC_LITERAL_CONVERSION = YES;
				CLANG_WARN_OBJC_ROOT_CLASS = YES_ERROR;
				CLANG_WARN_RANGE_LOOP_ANALYSIS = YES;
				CLANG_WARN_STRICT_PROTOTYPES = YES;
				CLANG_WARN_SUSPICIOUS_MOVE = YES;
				CLANG_WARN_UNGUARDED_AVAILABILITY = YES_AGGRESSIVE;
				CLANG_WARN_UNREACHABLE_CODE = YES;
				CLANG_WARN__DUPLICATE_METHOD_MATCH = YES;
				CODE_SIGN_IDENTITY = "iPhone Developer";
				COPY_PHASE_STRIP = NO;
				DEBUG_INFORMATION_FORMAT = dwarf;
				ENABLE_STRICT_OBJC_MSGSEND = YES;
				ENABLE_TESTABILITY = YES;
				GCC_C_LANGUAGE_STANDARD = gnu11;
				GCC_DYNAMIC_NO_PIC = NO;
				GCC_NO_COMMON_BLOCKS = YES;
				GCC_OPTIMIZATION_LEVEL = 0;
				GCC_PREPROCESSOR_DEFINITIONS = (
					"DEBUG=1",
					"$(inherited)",
				);
				GCC_WARN_64_TO_32_BIT_CONVERSION = YES;
				GCC_WARN_ABOUT_RETURN_TYPE = YES_ERROR;
				GCC_WARN_UNDECLARED_SELECTOR = YES;
				GCC_WARN_UNINITIALIZED_AUTOS = YES_AGGRESSIVE;
				GCC_WARN_UNUSED_FUNCTION = YES;
				GCC_WARN_UNUSED_VARIABLE = YES;
				IPHONEOS_DEPLOYMENT_TARGET = 12.1;
				MTL_ENABLE_DEBUG_INFO = INCLUDE_SOURCE;
				MTL_FAST_MATH = YES;
				ONLY_ACTIVE_ARCH = YES;
				SDKROOT = iphoneos;
				SWIFT_ACTIVE_COMPILATION_CONDITIONS = DEBUG;
				SWIFT_OPTIMIZATION_LEVEL = "-Onone";
			};
			name = Debug;
		};
		8C761DA021E9EF46001EB591 /* Release */ = {
			isa = XCBuildConfiguration;
			buildSettings = {
				ALWAYS_SEARCH_USER_PATHS = NO;
				CLANG_ANALYZER_NONNULL = YES;
				CLANG_ANALYZER_NUMBER_OBJECT_CONVERSION = YES_AGGRESSIVE;
				CLANG_CXX_LANGUAGE_STANDARD = "gnu++14";
				CLANG_CXX_LIBRARY = "libc++";
				CLANG_ENABLE_MODULES = YES;
				CLANG_ENABLE_OBJC_ARC = YES;
				CLANG_ENABLE_OBJC_WEAK = YES;
				CLANG_WARN_BLOCK_CAPTURE_AUTORELEASING = YES;
				CLANG_WARN_BOOL_CONVERSION = YES;
				CLANG_WARN_COMMA = YES;
				CLANG_WARN_CONSTANT_CONVERSION = YES;
				CLANG_WARN_DEPRECATED_OBJC_IMPLEMENTATIONS = YES;
				CLANG_WARN_DIRECT_OBJC_ISA_USAGE = YES_ERROR;
				CLANG_WARN_DOCUMENTATION_COMMENTS = YES;
				CLANG_WARN_EMPTY_BODY = YES;
				CLANG_WARN_ENUM_CONVERSION = YES;
				CLANG_WARN_INFINITE_RECURSION = YES;
				CLANG_WARN_INT_CONVERSION = YES;
				CLANG_WARN_NON_LITERAL_NULL_CONVERSION = YES;
				CLANG_WARN_OBJC_IMPLICIT_RETAIN_SELF = YES;
				CLANG_WARN_OBJC_LITERAL_CONVERSION = YES;
				CLANG_WARN_OBJC_ROOT_CLASS = YES_ERROR;
				CLANG_WARN_RANGE_LOOP_ANALYSIS = YES;
				CLANG_WARN_STRICT_PROTOTYPES = YES;
				CLANG_WARN_SUSPICIOUS_MOVE = YES;
				CLANG_WARN_UNGUARDED_AVAILABILITY = YES_AGGRESSIVE;
				CLANG_WARN_UNREACHABLE_CODE = YES;
				CLANG_WARN__DUPLICATE_METHOD_MATCH = YES;
				CODE_SIGN_IDENTITY = "iPhone Developer";
				COPY_PHASE_STRIP = NO;
				DEBUG_INFORMATION_FORMAT = "dwarf-with-dsym";
				ENABLE_NS_ASSERTIONS = NO;
				ENABLE_STRICT_OBJC_MSGSEND = YES;
				GCC_C_LANGUAGE_STANDARD = gnu11;
				GCC_NO_COMMON_BLOCKS = YES;
				GCC_WARN_64_TO_32_BIT_CONVERSION = YES;
				GCC_WARN_ABOUT_RETURN_TYPE = YES_ERROR;
				GCC_WARN_UNDECLARED_SELECTOR = YES;
				GCC_WARN_UNINITIALIZED_AUTOS = YES_AGGRESSIVE;
				GCC_WARN_UNUSED_FUNCTION = YES;
				GCC_WARN_UNUSED_VARIABLE = YES;
				IPHONEOS_DEPLOYMENT_TARGET = 12.1;
				MTL_ENABLE_DEBUG_INFO = NO;
				MTL_FAST_MATH = YES;
				SDKROOT = iphoneos;
				SWIFT_COMPILATION_MODE = wholemodule;
				SWIFT_OPTIMIZATION_LEVEL = "-O";
				VALIDATE_PRODUCT = YES;
			};
			name = Release;
		};
		8C761DA221E9EF46001EB591 /* Debug */ = {
			isa = XCBuildConfiguration;
			buildSettings = {
				ASSETCATALOG_COMPILER_APPICON_NAME = AppIcon;
				CODE_SIGN_STYLE = Automatic;
				DEVELOPMENT_TEAM = VR6QVJK5H2;
				INFOPLIST_FILE = Todoey/Info.plist;
				LD_RUNPATH_SEARCH_PATHS = (
					"$(inherited)",
					"@executable_path/Frameworks",
				);
				PRODUCT_BUNDLE_IDENTIFIER = com.armagan.Todoey;
				PRODUCT_NAME = "$(TARGET_NAME)";
				SWIFT_VERSION = 4.2;
				TARGETED_DEVICE_FAMILY = "1,2";
			};
			name = Debug;
		};
		8C761DA321E9EF46001EB591 /* Release */ = {
			isa = XCBuildConfiguration;
			buildSettings = {
				ASSETCATALOG_COMPILER_APPICON_NAME = AppIcon;
				CODE_SIGN_STYLE = Automatic;
				DEVELOPMENT_TEAM = VR6QVJK5H2;
				INFOPLIST_FILE = Todoey/Info.plist;
				LD_RUNPATH_SEARCH_PATHS = (
					"$(inherited)",
					"@executable_path/Frameworks",
				);
				PRODUCT_BUNDLE_IDENTIFIER = com.armagan.Todoey;
				PRODUCT_NAME = "$(TARGET_NAME)";
				SWIFT_VERSION = 4.2;
				TARGETED_DEVICE_FAMILY = "1,2";
			};
			name = Release;
		};
/* End XCBuildConfiguration section */

/* Begin XCConfigurationList section */
		8C761D8A21E9EF45001EB591 /* Build configuration list for PBXProject "Todoey" */ = {
			isa = XCConfigurationList;
			buildConfigurations = (
				8C761D9F21E9EF46001EB591 /* Debug */,
				8C761DA021E9EF46001EB591 /* Release */,
			);
			defaultConfigurationIsVisible = 0;
			defaultConfigurationName = Release;
		};
		8C761DA121E9EF46001EB591 /* Build configuration list for PBXNativeTarget "Todoey" */ = {
			isa = XCConfigurationList;
			buildConfigurations = (
				8C761DA221E9EF46001EB591 /* Debug */,
				8C761DA321E9EF46001EB591 /* Release */,
			);
			defaultConfigurationIsVisible = 0;
			defaultConfigurationName = Release;
		};
/* End XCConfigurationList section */

/* Begin XCVersionGroup section */
		8C761DAA21EBBDF2001EB591 /* DataModel.xcdatamodeld */ = {
			isa = XCVersionGroup;
			children = (
				8C761DAB21EBBDF2001EB591 /* DataModel.xcdatamodel */,
			);
			currentVersion = 8C761DAB21EBBDF2001EB591 /* DataModel.xcdatamodel */;
			path = DataModel.xcdatamodeld;
			sourceTree = "<group>";
			versionGroupType = wrapper.xcdatamodel;
		};
/* End XCVersionGroup section */
	};
	rootObject = 8C761D8721E9EF45001EB591 /* Project object */;
}
